
Microsoft Visual Studio Solution File, Format Version 12.00
# Visual Studio Version 16
VisualStudioVersion = 16.0.30717.126
MinimumVisualStudioVersion = 10.0.40219.1
Project("{FAE04EC0-301F-11D3-BF4B-00C04F79EFBC}") = "LabaAOSServer", "LabaAOSServer\LabaAOSServer.csproj", "{9DE76920-6F23-4CA1-AA41-0A572980FFB8}"
EndProject
Global
	GlobalSection(SolutionConfigurationPlatforms) = preSolution
		Debug|Any CPU = Debug|Any CPU
		Release|Any CPU = Release|Any CPU
	EndGlobalSection
	GlobalSection(ProjectConfigurationPlatforms) = postSolution
		{9DE76920-6F23-4CA1-AA41-0A572980FFB8}.Debug|Any CPU.ActiveCfg = Debug|Any CPU
		{9DE76920-6F23-4CA1-AA41-0A572980FFB8}.Debug|Any CPU.Build.0 = Debug|Any CPU
		{9DE76920-6F23-4CA1-AA41-0A572980FFB8}.Release|Any CPU.ActiveCfg = Release|Any CPU
		{9DE76920-6F23-4CA1-AA41-0A572980FFB8}.Release|Any CPU.Build.0 = Release|Any CPU
	EndGlobalSection
	GlobalSection(SolutionProperties) = preSolution
		HideSolutionNode = FALSE
	EndGlobalSection
	GlobalSection(ExtensibilityGlobals) = postSolution
		SolutionGuid = {E823BEAD-9855-4FD3-A809-B4CBEDEB5D87}
	EndGlobalSection
EndGlobal
